
Microsoft Visual Studio Solution File, Format Version 12.00
# Visual Studio 15
VisualStudioVersion = 15.0.26403.7
MinimumVisualStudioVersion = 10.0.40219.1
Project("{FAE04EC0-301F-11D3-BF4B-00C04F79EFBC}") = "WPFDesigner_XML", "WPFDesigner_XML\WPFDesigner_XML.csproj", "{8065EC68-7945-49E2-8774-20F9F01ED49C}"
EndProject
Project("{FAE04EC0-301F-11D3-BF4B-00C04F79EFBC}") = "EDBFramework", "..\..\EVLibraries\evdbframework\EDBFramework\EDBFramework.csproj", "{67F9D3A8-F71E-4428-913F-C37AE82CDB24}"
EndProject
Global
	GlobalSection(SolutionConfigurationPlatforms) = preSolution
		AndroidRelease|Any CPU = AndroidRelease|Any CPU
		Debug|Any CPU = Debug|Any CPU
		Release|Any CPU = Release|Any CPU
	EndGlobalSection
	GlobalSection(ProjectConfigurationPlatforms) = postSolution
		{8065EC68-7945-49E2-8774-20F9F01ED49C}.AndroidRelease|Any CPU.ActiveCfg = Release|Any CPU
		{8065EC68-7945-49E2-8774-20F9F01ED49C}.AndroidRelease|Any CPU.Build.0 = Release|Any CPU
		{8065EC68-7945-49E2-8774-20F9F01ED49C}.Debug|Any CPU.ActiveCfg = Debug|Any CPU
		{8065EC68-7945-49E2-8774-20F9F01ED49C}.Debug|Any CPU.Build.0 = Debug|Any CPU
		{8065EC68-7945-49E2-8774-20F9F01ED49C}.Release|Any CPU.ActiveCfg = Release|Any CPU
		{8065EC68-7945-49E2-8774-20F9F01ED49C}.Release|Any CPU.Build.0 = Release|Any CPU
		{67F9D3A8-F71E-4428-913F-C37AE82CDB24}.AndroidRelease|Any CPU.ActiveCfg = AndroidRelease|Any CPU
		{67F9D3A8-F71E-4428-913F-C37AE82CDB24}.AndroidRelease|Any CPU.Build.0 = AndroidRelease|Any CPU
		{67F9D3A8-F71E-4428-913F-C37AE82CDB24}.Debug|Any CPU.ActiveCfg = Debug|Any CPU
		{67F9D3A8-F71E-4428-913F-C37AE82CDB24}.Debug|Any CPU.Build.0 = Debug|Any CPU
		{67F9D3A8-F71E-4428-913F-C37AE82CDB24}.Release|Any CPU.ActiveCfg = Release|Any CPU
		{67F9D3A8-F71E-4428-913F-C37AE82CDB24}.Release|Any CPU.Build.0 = Release|Any CPU
	EndGlobalSection
	GlobalSection(SolutionProperties) = preSolution
		HideSolutionNode = FALSE
	EndGlobalSection
EndGlobal
